
Microsoft Visual Studio Solution File, Format Version 12.00
# Visual Studio Version 16
VisualStudioVersion = 16.0.28803.352
MinimumVisualStudioVersion = 10.0.40219.1
Project("{9A19103F-16F7-4668-BE54-9A1E7A4F7556}") = "RazorPagesMovie", "RazorPagesMovie\RazorPagesMovie.csproj", "{096DC2A2-4168-423D-9866-5996904F5842}"
EndProject
Project("{FAE04EC0-301F-11D3-BF4B-00C04F79EFBC}") = "MvcMovie", "MvcMovie\MvcMovie.csproj", "{799ED3DE-75A3-4DF3-8B8F-CD05871A9221}"
EndProject
Global
	GlobalSection(SolutionConfigurationPlatforms) = preSolution
		Debug|Any CPU = Debug|Any CPU
		Release|Any CPU = Release|Any CPU
	EndGlobalSection
	GlobalSection(ProjectConfigurationPlatforms) = postSolution
		{096DC2A2-4168-423D-9866-5996904F5842}.Debug|Any CPU.ActiveCfg = Debug|Any CPU
		{096DC2A2-4168-423D-9866-5996904F5842}.Debug|Any CPU.Build.0 = Debug|Any CPU
		{096DC2A2-4168-423D-9866-5996904F5842}.Release|Any CPU.ActiveCfg = Release|Any CPU
		{096DC2A2-4168-423D-9866-5996904F5842}.Release|Any CPU.Build.0 = Release|Any CPU
		{799ED3DE-75A3-4DF3-8B8F-CD05871A9221}.Debug|Any CPU.ActiveCfg = Debug|Any CPU
		{799ED3DE-75A3-4DF3-8B8F-CD05871A9221}.Debug|Any CPU.Build.0 = Debug|Any CPU
		{799ED3DE-75A3-4DF3-8B8F-CD05871A9221}.Release|Any CPU.ActiveCfg = Release|Any CPU
		{799ED3DE-75A3-4DF3-8B8F-CD05871A9221}.Release|Any CPU.Build.0 = Release|Any CPU
	EndGlobalSection
	GlobalSection(SolutionProperties) = preSolution
		HideSolutionNode = FALSE
	EndGlobalSection
	GlobalSection(ExtensibilityGlobals) = postSolution
		SolutionGuid = {D10239D8-07B2-40CE-A5D3-B7E9A9011ACD}
	EndGlobalSection
EndGlobal
