
Microsoft Visual Studio Solution File, Format Version 12.00
# Visual Studio Version 16
VisualStudioVersion = 16.0.28803.352
MinimumVisualStudioVersion = 10.0.40219.1
Project("{9A19103F-16F7-4668-BE54-9A1E7A4F7556}") = "RazorPagesMovie", "RazorPagesMovie\RazorPagesMovie.csproj", "{096DC2A2-4168-423D-9866-5996904F5842}"
EndProject
Project("{9A19103F-16F7-4668-BE54-9A1E7A4F7556}") = "MvcMovie", "MvcMovie\MvcMovie.csproj", "{799ED3DE-75A3-4DF3-8B8F-CD05871A9221}"
EndProject
Project("{9A19103F-16F7-4668-BE54-9A1E7A4F7556}") = "AuthoringTagHelpers", "AuthoringTagHelpers\AuthoringTagHelpers.csproj", "{1BA652EB-DDEE-4083-9F2D-0E0D43CFE357}"
EndProject
Project("{9A19103F-16F7-4668-BE54-9A1E7A4F7556}") = "StarterViewComp", "StarterViewComp\StarterViewComp.csproj", "{CE106DA1-FAA4-4E30-942C-D0ABDD64ECCC}"
EndProject
Project("{9A19103F-16F7-4668-BE54-9A1E7A4F7556}") = "TodoApi", "TodoApi\TodoApi.csproj", "{51E99BD8-E4B2-4471-AE54-4ABBFBD34E7F}"
EndProject
Project("{9A19103F-16F7-4668-BE54-9A1E7A4F7556}") = "Swashbuckle", "Swashbuckle\Swashbuckle.csproj", "{AFA4659C-0212-4476-90B2-83CE6849B494}"
EndProject
Global
	GlobalSection(SolutionConfigurationPlatforms) = preSolution
		Debug|Any CPU = Debug|Any CPU
		Release|Any CPU = Release|Any CPU
	EndGlobalSection
	GlobalSection(ProjectConfigurationPlatforms) = postSolution
		{096DC2A2-4168-423D-9866-5996904F5842}.Debug|Any CPU.ActiveCfg = Debug|Any CPU
		{096DC2A2-4168-423D-9866-5996904F5842}.Debug|Any CPU.Build.0 = Debug|Any CPU
		{096DC2A2-4168-423D-9866-5996904F5842}.Release|Any CPU.ActiveCfg = Release|Any CPU
		{096DC2A2-4168-423D-9866-5996904F5842}.Release|Any CPU.Build.0 = Release|Any CPU
		{799ED3DE-75A3-4DF3-8B8F-CD05871A9221}.Debug|Any CPU.ActiveCfg = Debug|Any CPU
		{799ED3DE-75A3-4DF3-8B8F-CD05871A9221}.Debug|Any CPU.Build.0 = Debug|Any CPU
		{799ED3DE-75A3-4DF3-8B8F-CD05871A9221}.Release|Any CPU.ActiveCfg = Release|Any CPU
		{799ED3DE-75A3-4DF3-8B8F-CD05871A9221}.Release|Any CPU.Build.0 = Release|Any CPU
		{1BA652EB-DDEE-4083-9F2D-0E0D43CFE357}.Debug|Any CPU.ActiveCfg = Debug|Any CPU
		{1BA652EB-DDEE-4083-9F2D-0E0D43CFE357}.Debug|Any CPU.Build.0 = Debug|Any CPU
		{1BA652EB-DDEE-4083-9F2D-0E0D43CFE357}.Release|Any CPU.ActiveCfg = Release|Any CPU
		{1BA652EB-DDEE-4083-9F2D-0E0D43CFE357}.Release|Any CPU.Build.0 = Release|Any CPU
		{CE106DA1-FAA4-4E30-942C-D0ABDD64ECCC}.Debug|Any CPU.ActiveCfg = Debug|Any CPU
		{CE106DA1-FAA4-4E30-942C-D0ABDD64ECCC}.Debug|Any CPU.Build.0 = Debug|Any CPU
		{CE106DA1-FAA4-4E30-942C-D0ABDD64ECCC}.Release|Any CPU.ActiveCfg = Release|Any CPU
		{CE106DA1-FAA4-4E30-942C-D0ABDD64ECCC}.Release|Any CPU.Build.0 = Release|Any CPU
		{51E99BD8-E4B2-4471-AE54-4ABBFBD34E7F}.Debug|Any CPU.ActiveCfg = Debug|Any CPU
		{51E99BD8-E4B2-4471-AE54-4ABBFBD34E7F}.Debug|Any CPU.Build.0 = Debug|Any CPU
		{51E99BD8-E4B2-4471-AE54-4ABBFBD34E7F}.Release|Any CPU.ActiveCfg = Release|Any CPU
		{51E99BD8-E4B2-4471-AE54-4ABBFBD34E7F}.Release|Any CPU.Build.0 = Release|Any CPU
		{AFA4659C-0212-4476-90B2-83CE6849B494}.Debug|Any CPU.ActiveCfg = Debug|Any CPU
		{AFA4659C-0212-4476-90B2-83CE6849B494}.Debug|Any CPU.Build.0 = Debug|Any CPU
		{AFA4659C-0212-4476-90B2-83CE6849B494}.Release|Any CPU.ActiveCfg = Release|Any CPU
		{AFA4659C-0212-4476-90B2-83CE6849B494}.Release|Any CPU.Build.0 = Release|Any CPU
	EndGlobalSection
	GlobalSection(SolutionProperties) = preSolution
		HideSolutionNode = FALSE
	EndGlobalSection
	GlobalSection(ExtensibilityGlobals) = postSolution
		SolutionGuid = {D10239D8-07B2-40CE-A5D3-B7E9A9011ACD}
	EndGlobalSection
EndGlobal
