
Microsoft Visual Studio Solution File, Format Version 12.00
# Visual Studio 15
VisualStudioVersion = 15.0.27004.2005
MinimumVisualStudioVersion = 10.0.40219.1
Project("{9A19103F-16F7-4668-BE54-9A1E7A4F7556}") = "AspNetSecurity-NoSecurity", "AspNetSecurity-NoSecurity.csproj", "{4D306EA6-BF8F-49DF-86C3-1FE7D0CA9BF7}"
EndProject
Global
	GlobalSection(SolutionConfigurationPlatforms) = preSolution
		Debug|Any CPU = Debug|Any CPU
		Release|Any CPU = Release|Any CPU
	EndGlobalSection
	GlobalSection(ProjectConfigurationPlatforms) = postSolution
		{4D306EA6-BF8F-49DF-86C3-1FE7D0CA9BF7}.Debug|Any CPU.ActiveCfg = Debug|Any CPU
		{4D306EA6-BF8F-49DF-86C3-1FE7D0CA9BF7}.Debug|Any CPU.Build.0 = Debug|Any CPU
		{4D306EA6-BF8F-49DF-86C3-1FE7D0CA9BF7}.Release|Any CPU.ActiveCfg = Release|Any CPU
		{4D306EA6-BF8F-49DF-86C3-1FE7D0CA9BF7}.Release|Any CPU.Build.0 = Release|Any CPU
	EndGlobalSection
	GlobalSection(SolutionProperties) = preSolution
		HideSolutionNode = FALSE
	EndGlobalSection
	GlobalSection(ExtensibilityGlobals) = postSolution
		SolutionGuid = {F1CD562F-505E-4178-A928-517799000604}
	EndGlobalSection
EndGlobal
